
Microsoft Visual Studio Solution File, Format Version 12.00
# Visual Studio 15
VisualStudioVersion = 15.0.28307.1169
MinimumVisualStudioVersion = 10.0.40219.1
Project("{FAE04EC0-301F-11D3-BF4B-00C04F79EFBC}") = "WebApplication1", "WebApplication1\WebApplication1.csproj", "{EAF01662-F23E-46D2-AC56-8CF593268D2A}"
EndProject
Global
	GlobalSection(SolutionConfigurationPlatforms) = preSolution
		Debug|Any CPU = Debug|Any CPU
		Release|Any CPU = Release|Any CPU
	EndGlobalSection
	GlobalSection(ProjectConfigurationPlatforms) = postSolution
		{EAF01662-F23E-46D2-AC56-8CF593268D2A}.Debug|Any CPU.ActiveCfg = Debug|Any CPU
		{EAF01662-F23E-46D2-AC56-8CF593268D2A}.Debug|Any CPU.Build.0 = Debug|Any CPU
		{EAF01662-F23E-46D2-AC56-8CF593268D2A}.Release|Any CPU.ActiveCfg = Release|Any CPU
		{EAF01662-F23E-46D2-AC56-8CF593268D2A}.Release|Any CPU.Build.0 = Release|Any CPU
	EndGlobalSection
	GlobalSection(SolutionProperties) = preSolution
		HideSolutionNode = FALSE
	EndGlobalSection
	GlobalSection(ExtensibilityGlobals) = postSolution
		SolutionGuid = {6487FC0D-14F0-4059-8AC4-61308609147C}
	EndGlobalSection
EndGlobal
